
Microsoft Visual Studio Solution File, Format Version 12.00
# Visual Studio 15
VisualStudioVersion = 15.0.28307.757
MinimumVisualStudioVersion = 10.0.40219.1
Project("{FAE04EC0-301F-11D3-BF4B-00C04F79EFBC}") = "NetCoreCRUD", "NetCoreCRUD\NetCoreCRUD.csproj", "{98118D80-110B-47A0-B132-0B92758A695A}"
EndProject
Global
	GlobalSection(SolutionConfigurationPlatforms) = preSolution
		Debug|Any CPU = Debug|Any CPU
		Release|Any CPU = Release|Any CPU
	EndGlobalSection
	GlobalSection(ProjectConfigurationPlatforms) = postSolution
		{98118D80-110B-47A0-B132-0B92758A695A}.Debug|Any CPU.ActiveCfg = Debug|Any CPU
		{98118D80-110B-47A0-B132-0B92758A695A}.Debug|Any CPU.Build.0 = Debug|Any CPU
		{98118D80-110B-47A0-B132-0B92758A695A}.Release|Any CPU.ActiveCfg = Release|Any CPU
		{98118D80-110B-47A0-B132-0B92758A695A}.Release|Any CPU.Build.0 = Release|Any CPU
	EndGlobalSection
	GlobalSection(SolutionProperties) = preSolution
		HideSolutionNode = FALSE
	EndGlobalSection
	GlobalSection(ExtensibilityGlobals) = postSolution
		SolutionGuid = {09899AD2-7477-4B58-BAE0-438F43A94A30}
	EndGlobalSection
EndGlobal
